
Microsoft Visual Studio Solution File, Format Version 12.00
# Visual Studio 15
Project("{FAE04EC0-301F-11D3-BF4B-00C04F79EFBC}") = "Test01", "Test01.csproj", "{1FA0F961-22C7-26D3-4DA5-AA21B3049E22}"
EndProject
Global
	GlobalSection(SolutionConfigurationPlatforms) = preSolution
		Debug|Any CPU = Debug|Any CPU
		Release|Any CPU = Release|Any CPU
	EndGlobalSection
	GlobalSection(ProjectConfigurationPlatforms) = postSolution
		{1FA0F961-22C7-26D3-4DA5-AA21B3049E22}.Debug|Any CPU.ActiveCfg = Debug|Any CPU
		{1FA0F961-22C7-26D3-4DA5-AA21B3049E22}.Debug|Any CPU.Build.0 = Debug|Any CPU
		{1FA0F961-22C7-26D3-4DA5-AA21B3049E22}.Release|Any CPU.ActiveCfg = Release|Any CPU
		{1FA0F961-22C7-26D3-4DA5-AA21B3049E22}.Release|Any CPU.Build.0 = Release|Any CPU
	EndGlobalSection
	GlobalSection(SolutionProperties) = preSolution
		HideSolutionNode = FALSE
	EndGlobalSection
EndGlobal
